// !$*UTF8*$!
{
	archiveVersion = 1;
	classes = {
	};
	objectVersion = 56;
	objects = {

/* Begin PBXBuildFile section */
		7A39EE9E2AFF75560083ECB9 /* NetworkManager.swift in Sources */ = {isa = PBXBuildFile; fileRef = 7A39EE9D2AFF75560083ECB9 /* NetworkManager.swift */; };
		7A39EEA02AFF79300083ECB9 /* BookListRepository.swift in Sources */ = {isa = PBXBuildFile; fileRef = 7A39EE9F2AFF79300083ECB9 /* BookListRepository.swift */; };
		7A39EEA22AFF793A0083ECB9 /* BookDetailRepository.swift in Sources */ = {isa = PBXBuildFile; fileRef = 7A39EEA12AFF793A0083ECB9 /* BookDetailRepository.swift */; };
		7A6D65A12AFE376700D5BBEC /* AppDelegate.swift in Sources */ = {isa = PBXBuildFile; fileRef = 7A6D65A02AFE376700D5BBEC /* AppDelegate.swift */; };
		7A6D65A32AFE376700D5BBEC /* SceneDelegate.swift in Sources */ = {isa = PBXBuildFile; fileRef = 7A6D65A22AFE376700D5BBEC /* SceneDelegate.swift */; };
		7A6D65AA2AFE376900D5BBEC /* Assets.xcassets in Resources */ = {isa = PBXBuildFile; fileRef = 7A6D65A92AFE376900D5BBEC /* Assets.xcassets */; };
		7A6D65AD2AFE376900D5BBEC /* LaunchScreen.storyboard in Resources */ = {isa = PBXBuildFile; fileRef = 7A6D65AB2AFE376900D5BBEC /* LaunchScreen.storyboard */; };
		7A6D65B62AFE3D9200D5BBEC /* Coordinator.swift in Sources */ = {isa = PBXBuildFile; fileRef = 7A6D65B52AFE3D9200D5BBEC /* Coordinator.swift */; };
		7A6D65B82AFE3DAE00D5BBEC /* AppContainer.swift in Sources */ = {isa = PBXBuildFile; fileRef = 7A6D65B72AFE3DAE00D5BBEC /* AppContainer.swift */; };
		7A6D65BB2AFE3E0000D5BBEC /* AppCoordinator.swift in Sources */ = {isa = PBXBuildFile; fileRef = 7A6D65BA2AFE3E0000D5BBEC /* AppCoordinator.swift */; };
		7A6D65BD2AFE3E4000D5BBEC /* BookListCoordinator.swift in Sources */ = {isa = PBXBuildFile; fileRef = 7A6D65BC2AFE3E4000D5BBEC /* BookListCoordinator.swift */; };
		7A6D65BF2AFE3E6600D5BBEC /* BookDetailCoordinator.swift in Sources */ = {isa = PBXBuildFile; fileRef = 7A6D65BE2AFE3E6600D5BBEC /* BookDetailCoordinator.swift */; };
		7A6D65C22AFE3EDC00D5BBEC /* Module.swift in Sources */ = {isa = PBXBuildFile; fileRef = 7A6D65C12AFE3EDC00D5BBEC /* Module.swift */; };
		7A6D65C72AFE6A2500D5BBEC /* BookListViewController.swift in Sources */ = {isa = PBXBuildFile; fileRef = 7A6D65C62AFE6A2500D5BBEC /* BookListViewController.swift */; };
		7A6D65C92AFE6A3800D5BBEC /* BookListBuilder.swift in Sources */ = {isa = PBXBuildFile; fileRef = 7A6D65C82AFE6A3800D5BBEC /* BookListBuilder.swift */; };
		7A6D65CB2AFE6A4600D5BBEC /* BookListViewModel.swift in Sources */ = {isa = PBXBuildFile; fileRef = 7A6D65CA2AFE6A4600D5BBEC /* BookListViewModel.swift */; };
		7A6D65CD2AFE6A4E00D5BBEC /* BookListView.swift in Sources */ = {isa = PBXBuildFile; fileRef = 7A6D65CC2AFE6A4E00D5BBEC /* BookListView.swift */; };
		7A6D65D02AFE7AAA00D5BBEC /* Book.swift in Sources */ = {isa = PBXBuildFile; fileRef = 7A6D65CF2AFE7AAA00D5BBEC /* Book.swift */; };
		7A6D65D22AFE809000D5BBEC /* BookTableViewCell.swift in Sources */ = {isa = PBXBuildFile; fileRef = 7A6D65D12AFE809000D5BBEC /* BookTableViewCell.swift */; };
		7A6D65DB2AFEB0FA00D5BBEC /* BookDetailBuilder.swift in Sources */ = {isa = PBXBuildFile; fileRef = 7A6D65DA2AFEB0FA00D5BBEC /* BookDetailBuilder.swift */; };
		7A6D65DD2AFEB10400D5BBEC /* BookDetailViewModel.swift in Sources */ = {isa = PBXBuildFile; fileRef = 7A6D65DC2AFEB10400D5BBEC /* BookDetailViewModel.swift */; };
		7A6D65DF2AFEB10D00D5BBEC /* BookDetailViewController.swift in Sources */ = {isa = PBXBuildFile; fileRef = 7A6D65DE2AFEB10D00D5BBEC /* BookDetailViewController.swift */; };
		7A6D65E12AFEB11700D5BBEC /* BookDetailView.swift in Sources */ = {isa = PBXBuildFile; fileRef = 7A6D65E02AFEB11700D5BBEC /* BookDetailView.swift */; };
		7A6D65E32AFEB6B300D5BBEC /* BookDetail.swift in Sources */ = {isa = PBXBuildFile; fileRef = 7A6D65E22AFEB6B300D5BBEC /* BookDetail.swift */; };
		7A6D65E62AFEC6BA00D5BBEC /* UIImageView+Ext.swift in Sources */ = {isa = PBXBuildFile; fileRef = 7A6D65E52AFEC6BA00D5BBEC /* UIImageView+Ext.swift */; };
		7A6D65E82AFF4F1F00D5BBEC /* LoadingView.swift in Sources */ = {isa = PBXBuildFile; fileRef = 7A6D65E72AFF4F1F00D5BBEC /* LoadingView.swift */; };
		7A6D65EA2AFF564100D5BBEC /* JSONDecoder+Ext.swift in Sources */ = {isa = PBXBuildFile; fileRef = 7A6D65E92AFF564100D5BBEC /* JSONDecoder+Ext.swift */; };
		7A6D65EE2AFF6D9700D5BBEC /* Alertable.swift in Sources */ = {isa = PBXBuildFile; fileRef = 7A6D65ED2AFF6D9700D5BBEC /* Alertable.swift */; };
		7A6EFF6A2AFFF6DB00E5954F /* BookDetailDomain.swift in Sources */ = {isa = PBXBuildFile; fileRef = 7A6EFF692AFFF6DB00E5954F /* BookDetailDomain.swift */; };
		7A6EFF6F2AFFF90600E5954F /* BookDomain.swift in Sources */ = {isa = PBXBuildFile; fileRef = 7A6EFF6E2AFFF90600E5954F /* BookDomain.swift */; };
		7A6EFF772B0005C600E5954F /* BookListViewModelTests.swift in Sources */ = {isa = PBXBuildFile; fileRef = 7A6EFF762B0005C600E5954F /* BookListViewModelTests.swift */; };
		7A6EFF812B000AF600E5954F /* MockBookListRepository.swift in Sources */ = {isa = PBXBuildFile; fileRef = 7A6EFF802B000AF600E5954F /* MockBookListRepository.swift */; };
		7A6EFF852B000CA300E5954F /* BookDetailViewModelTests.swift in Sources */ = {isa = PBXBuildFile; fileRef = 7A6EFF842B000CA300E5954F /* BookDetailViewModelTests.swift */; };
		7A6EFF872B000CB500E5954F /* MockBookDetailRepository.swift in Sources */ = {isa = PBXBuildFile; fileRef = 7A6EFF862B000CB500E5954F /* MockBookDetailRepository.swift */; };
/* End PBXBuildFile section */

/* Begin PBXContainerItemProxy section */
		7A6EFF782B0005C600E5954F /* PBXContainerItemProxy */ = {
			isa = PBXContainerItemProxy;
			containerPortal = 7A6D65952AFE376700D5BBEC /* Project object */;
			proxyType = 1;
			remoteGlobalIDString = 7A6D659C2AFE376700D5BBEC;
			remoteInfo = CarrotSearchBook;
		};
/* End PBXContainerItemProxy section */

/* Begin PBXFileReference section */
		7A39EE9D2AFF75560083ECB9 /* NetworkManager.swift */ = {isa = PBXFileReference; lastKnownFileType = sourcecode.swift; path = NetworkManager.swift; sourceTree = "<group>"; };
		7A39EE9F2AFF79300083ECB9 /* BookListRepository.swift */ = {isa = PBXFileReference; lastKnownFileType = sourcecode.swift; path = BookListRepository.swift; sourceTree = "<group>"; };
		7A39EEA12AFF793A0083ECB9 /* BookDetailRepository.swift */ = {isa = PBXFileReference; lastKnownFileType = sourcecode.swift; path = BookDetailRepository.swift; sourceTree = "<group>"; };
		7A6D659D2AFE376700D5BBEC /* CarrotSearchBook.app */ = {isa = PBXFileReference; explicitFileType = wrapper.application; includeInIndex = 0; path = CarrotSearchBook.app; sourceTree = BUILT_PRODUCTS_DIR; };
		7A6D65A02AFE376700D5BBEC /* AppDelegate.swift */ = {isa = PBXFileReference; lastKnownFileType = sourcecode.swift; path = AppDelegate.swift; sourceTree = "<group>"; };
		7A6D65A22AFE376700D5BBEC /* SceneDelegate.swift */ = {isa = PBXFileReference; lastKnownFileType = sourcecode.swift; path = SceneDelegate.swift; sourceTree = "<group>"; };
		7A6D65A92AFE376900D5BBEC /* Assets.xcassets */ = {isa = PBXFileReference; lastKnownFileType = folder.assetcatalog; path = Assets.xcassets; sourceTree = "<group>"; };
		7A6D65AC2AFE376900D5BBEC /* Base */ = {isa = PBXFileReference; lastKnownFileType = file.storyboard; name = Base; path = Base.lproj/LaunchScreen.storyboard; sourceTree = "<group>"; };
		7A6D65AE2AFE376900D5BBEC /* Info.plist */ = {isa = PBXFileReference; lastKnownFileType = text.plist.xml; path = Info.plist; sourceTree = "<group>"; };
		7A6D65B52AFE3D9200D5BBEC /* Coordinator.swift */ = {isa = PBXFileReference; lastKnownFileType = sourcecode.swift; path = Coordinator.swift; sourceTree = "<group>"; };
		7A6D65B72AFE3DAE00D5BBEC /* AppContainer.swift */ = {isa = PBXFileReference; lastKnownFileType = sourcecode.swift; path = AppContainer.swift; sourceTree = "<group>"; };
		7A6D65BA2AFE3E0000D5BBEC /* AppCoordinator.swift */ = {isa = PBXFileReference; lastKnownFileType = sourcecode.swift; path = AppCoordinator.swift; sourceTree = "<group>"; };
		7A6D65BC2AFE3E4000D5BBEC /* BookListCoordinator.swift */ = {isa = PBXFileReference; lastKnownFileType = sourcecode.swift; path = BookListCoordinator.swift; sourceTree = "<group>"; };
		7A6D65BE2AFE3E6600D5BBEC /* BookDetailCoordinator.swift */ = {isa = PBXFileReference; lastKnownFileType = sourcecode.swift; path = BookDetailCoordinator.swift; sourceTree = "<group>"; };
		7A6D65C12AFE3EDC00D5BBEC /* Module.swift */ = {isa = PBXFileReference; lastKnownFileType = sourcecode.swift; path = Module.swift; sourceTree = "<group>"; };
		7A6D65C62AFE6A2500D5BBEC /* BookListViewController.swift */ = {isa = PBXFileReference; lastKnownFileType = sourcecode.swift; path = BookListViewController.swift; sourceTree = "<group>"; };
		7A6D65C82AFE6A3800D5BBEC /* BookListBuilder.swift */ = {isa = PBXFileReference; lastKnownFileType = sourcecode.swift; path = BookListBuilder.swift; sourceTree = "<group>"; };
		7A6D65CA2AFE6A4600D5BBEC /* BookListViewModel.swift */ = {isa = PBXFileReference; lastKnownFileType = sourcecode.swift; path = BookListViewModel.swift; sourceTree = "<group>"; };
		7A6D65CC2AFE6A4E00D5BBEC /* BookListView.swift */ = {isa = PBXFileReference; lastKnownFileType = sourcecode.swift; path = BookListView.swift; sourceTree = "<group>"; };
		7A6D65CF2AFE7AAA00D5BBEC /* Book.swift */ = {isa = PBXFileReference; lastKnownFileType = sourcecode.swift; path = Book.swift; sourceTree = "<group>"; };
		7A6D65D12AFE809000D5BBEC /* BookTableViewCell.swift */ = {isa = PBXFileReference; lastKnownFileType = sourcecode.swift; path = BookTableViewCell.swift; sourceTree = "<group>"; };
		7A6D65DA2AFEB0FA00D5BBEC /* BookDetailBuilder.swift */ = {isa = PBXFileReference; lastKnownFileType = sourcecode.swift; path = BookDetailBuilder.swift; sourceTree = "<group>"; };
		7A6D65DC2AFEB10400D5BBEC /* BookDetailViewModel.swift */ = {isa = PBXFileReference; lastKnownFileType = sourcecode.swift; path = BookDetailViewModel.swift; sourceTree = "<group>"; };
		7A6D65DE2AFEB10D00D5BBEC /* BookDetailViewController.swift */ = {isa = PBXFileReference; lastKnownFileType = sourcecode.swift; path = BookDetailViewController.swift; sourceTree = "<group>"; };
		7A6D65E02AFEB11700D5BBEC /* BookDetailView.swift */ = {isa = PBXFileReference; lastKnownFileType = sourcecode.swift; path = BookDetailView.swift; sourceTree = "<group>"; };
		7A6D65E22AFEB6B300D5BBEC /* BookDetail.swift */ = {isa = PBXFileReference; lastKnownFileType = sourcecode.swift; path = BookDetail.swift; sourceTree = "<group>"; };
		7A6D65E52AFEC6BA00D5BBEC /* UIImageView+Ext.swift */ = {isa = PBXFileReference; lastKnownFileType = sourcecode.swift; path = "UIImageView+Ext.swift"; sourceTree = "<group>"; };
		7A6D65E72AFF4F1F00D5BBEC /* LoadingView.swift */ = {isa = PBXFileReference; lastKnownFileType = sourcecode.swift; path = LoadingView.swift; sourceTree = "<group>"; };
		7A6D65E92AFF564100D5BBEC /* JSONDecoder+Ext.swift */ = {isa = PBXFileReference; lastKnownFileType = sourcecode.swift; path = "JSONDecoder+Ext.swift"; sourceTree = "<group>"; };
		7A6D65ED2AFF6D9700D5BBEC /* Alertable.swift */ = {isa = PBXFileReference; lastKnownFileType = sourcecode.swift; path = Alertable.swift; sourceTree = "<group>"; };
		7A6EFF692AFFF6DB00E5954F /* BookDetailDomain.swift */ = {isa = PBXFileReference; lastKnownFileType = sourcecode.swift; path = BookDetailDomain.swift; sourceTree = "<group>"; };
		7A6EFF6E2AFFF90600E5954F /* BookDomain.swift */ = {isa = PBXFileReference; lastKnownFileType = sourcecode.swift; path = BookDomain.swift; sourceTree = "<group>"; };
		7A6EFF742B0005C600E5954F /* CarrotSearchBookTests.xctest */ = {isa = PBXFileReference; explicitFileType = wrapper.cfbundle; includeInIndex = 0; path = CarrotSearchBookTests.xctest; sourceTree = BUILT_PRODUCTS_DIR; };
		7A6EFF762B0005C600E5954F /* BookListViewModelTests.swift */ = {isa = PBXFileReference; lastKnownFileType = sourcecode.swift; path = BookListViewModelTests.swift; sourceTree = "<group>"; };
		7A6EFF802B000AF600E5954F /* MockBookListRepository.swift */ = {isa = PBXFileReference; lastKnownFileType = sourcecode.swift; path = MockBookListRepository.swift; sourceTree = "<group>"; };
		7A6EFF842B000CA300E5954F /* BookDetailViewModelTests.swift */ = {isa = PBXFileReference; lastKnownFileType = sourcecode.swift; path = BookDetailViewModelTests.swift; sourceTree = "<group>"; };
		7A6EFF862B000CB500E5954F /* MockBookDetailRepository.swift */ = {isa = PBXFileReference; lastKnownFileType = sourcecode.swift; path = MockBookDetailRepository.swift; sourceTree = "<group>"; };
/* End PBXFileReference section */

/* Begin PBXFrameworksBuildPhase section */
		7A6D659A2AFE376700D5BBEC /* Frameworks */ = {
			isa = PBXFrameworksBuildPhase;
			buildActionMask = 2147483647;
			files = (
			);
			runOnlyForDeploymentPostprocessing = 0;
		};
		7A6EFF712B0005C600E5954F /* Frameworks */ = {
			isa = PBXFrameworksBuildPhase;
			buildActionMask = 2147483647;
			files = (
			);
			runOnlyForDeploymentPostprocessing = 0;
		};
/* End PBXFrameworksBuildPhase section */

/* Begin PBXGroup section */
		7A6D65942AFE376700D5BBEC = {
			isa = PBXGroup;
			children = (
				7A6D659F2AFE376700D5BBEC /* CarrotSearchBook */,
				7A6EFF752B0005C600E5954F /* CarrotSearchBookTests */,
				7A6D659E2AFE376700D5BBEC /* Products */,
			);
			sourceTree = "<group>";
		};
		7A6D659E2AFE376700D5BBEC /* Products */ = {
			isa = PBXGroup;
			children = (
				7A6D659D2AFE376700D5BBEC /* CarrotSearchBook.app */,
				7A6EFF742B0005C600E5954F /* CarrotSearchBookTests.xctest */,
			);
			name = Products;
			sourceTree = "<group>";
		};
		7A6D659F2AFE376700D5BBEC /* CarrotSearchBook */ = {
			isa = PBXGroup;
			children = (
				7A6D65A02AFE376700D5BBEC /* AppDelegate.swift */,
				7A6D65A22AFE376700D5BBEC /* SceneDelegate.swift */,
				7A6EFF6C2AFFF71700E5954F /* Common */,
				7A6D65E42AFEC6AF00D5BBEC /* Extension */,
				7A6D65D42AFE8C4100D5BBEC /* Services */,
				7A6D65D82AFE8C7800D5BBEC /* Repository */,
				7A6D65C02AFE3ED700D5BBEC /* Module */,
				7A6D65B42AFE3D7E00D5BBEC /* AppCoordinator */,
				7A6D65C52AFE6A1000D5BBEC /* BookListFeature */,
				7A6D65D92AFEB0E500D5BBEC /* BookDetailFeature */,
				7A6D65CE2AFE7A7500D5BBEC /* Entities */,
				7A6D65A92AFE376900D5BBEC /* Assets.xcassets */,
				7A6D65AB2AFE376900D5BBEC /* LaunchScreen.storyboard */,
				7A6D65AE2AFE376900D5BBEC /* Info.plist */,
			);
			path = CarrotSearchBook;
			sourceTree = "<group>";
		};
		7A6D65B42AFE3D7E00D5BBEC /* AppCoordinator */ = {
			isa = PBXGroup;
			children = (
				7A6D65B52AFE3D9200D5BBEC /* Coordinator.swift */,
				7A6D65B72AFE3DAE00D5BBEC /* AppContainer.swift */,
				7A6D65B92AFE3DF000D5BBEC /* Coordinators */,
			);
			path = AppCoordinator;
			sourceTree = "<group>";
		};
		7A6D65B92AFE3DF000D5BBEC /* Coordinators */ = {
			isa = PBXGroup;
			children = (
				7A6D65BA2AFE3E0000D5BBEC /* AppCoordinator.swift */,
				7A6D65BC2AFE3E4000D5BBEC /* BookListCoordinator.swift */,
				7A6D65BE2AFE3E6600D5BBEC /* BookDetailCoordinator.swift */,
			);
			path = Coordinators;
			sourceTree = "<group>";
		};
		7A6D65C02AFE3ED700D5BBEC /* Module */ = {
			isa = PBXGroup;
			children = (
				7A6D65C12AFE3EDC00D5BBEC /* Module.swift */,
			);
			path = Module;
			sourceTree = "<group>";
		};
		7A6D65C52AFE6A1000D5BBEC /* BookListFeature */ = {
			isa = PBXGroup;
			children = (
				7A6D65D32AFE80D100D5BBEC /* SubViews */,
				7A6EFF6D2AFFF8F400E5954F /* Models */,
				7A6D65C82AFE6A3800D5BBEC /* BookListBuilder.swift */,
				7A6D65CA2AFE6A4600D5BBEC /* BookListViewModel.swift */,
				7A6D65C62AFE6A2500D5BBEC /* BookListViewController.swift */,
				7A6D65CC2AFE6A4E00D5BBEC /* BookListView.swift */,
			);
			path = BookListFeature;
			sourceTree = "<group>";
		};
		7A6D65CE2AFE7A7500D5BBEC /* Entities */ = {
			isa = PBXGroup;
			children = (
				7A6D65CF2AFE7AAA00D5BBEC /* Book.swift */,
				7A6D65E22AFEB6B300D5BBEC /* BookDetail.swift */,
			);
			path = Entities;
			sourceTree = "<group>";
		};
		7A6D65D32AFE80D100D5BBEC /* SubViews */ = {
			isa = PBXGroup;
			children = (
				7A6D65D12AFE809000D5BBEC /* BookTableViewCell.swift */,
			);
			path = SubViews;
			sourceTree = "<group>";
		};
		7A6D65D42AFE8C4100D5BBEC /* Services */ = {
			isa = PBXGroup;
			children = (
				7A39EE9D2AFF75560083ECB9 /* NetworkManager.swift */,
			);
			path = Services;
			sourceTree = "<group>";
		};
		7A6D65D82AFE8C7800D5BBEC /* Repository */ = {
			isa = PBXGroup;
			children = (
				7A39EE9F2AFF79300083ECB9 /* BookListRepository.swift */,
				7A39EEA12AFF793A0083ECB9 /* BookDetailRepository.swift */,
			);
			path = Repository;
			sourceTree = "<group>";
		};
		7A6D65D92AFEB0E500D5BBEC /* BookDetailFeature */ = {
			isa = PBXGroup;
			children = (
				7A6EFF6B2AFFF6E500E5954F /* Models */,
				7A6D65DA2AFEB0FA00D5BBEC /* BookDetailBuilder.swift */,
				7A6D65DC2AFEB10400D5BBEC /* BookDetailViewModel.swift */,
				7A6D65DE2AFEB10D00D5BBEC /* BookDetailViewController.swift */,
				7A6D65E02AFEB11700D5BBEC /* BookDetailView.swift */,
			);
			path = BookDetailFeature;
			sourceTree = "<group>";
		};
		7A6D65E42AFEC6AF00D5BBEC /* Extension */ = {
			isa = PBXGroup;
			children = (
				7A6D65E52AFEC6BA00D5BBEC /* UIImageView+Ext.swift */,
				7A6D65E92AFF564100D5BBEC /* JSONDecoder+Ext.swift */,
			);
			path = Extension;
			sourceTree = "<group>";
		};
		7A6EFF6B2AFFF6E500E5954F /* Models */ = {
			isa = PBXGroup;
			children = (
				7A6EFF692AFFF6DB00E5954F /* BookDetailDomain.swift */,
			);
			path = Models;
			sourceTree = "<group>";
		};
		7A6EFF6C2AFFF71700E5954F /* Common */ = {
			isa = PBXGroup;
			children = (
				7A6D65E72AFF4F1F00D5BBEC /* LoadingView.swift */,
				7A6D65ED2AFF6D9700D5BBEC /* Alertable.swift */,
			);
			path = Common;
			sourceTree = "<group>";
		};
		7A6EFF6D2AFFF8F400E5954F /* Models */ = {
			isa = PBXGroup;
			children = (
				7A6EFF6E2AFFF90600E5954F /* BookDomain.swift */,
			);
			path = Models;
			sourceTree = "<group>";
		};
		7A6EFF752B0005C600E5954F /* CarrotSearchBookTests */ = {
			isa = PBXGroup;
			children = (
				7A6EFF762B0005C600E5954F /* BookListViewModelTests.swift */,
				7A6EFF842B000CA300E5954F /* BookDetailViewModelTests.swift */,
				7A6EFF7F2B000AF100E5954F /* Mocks */,
			);
			path = CarrotSearchBookTests;
			sourceTree = "<group>";
		};
		7A6EFF7F2B000AF100E5954F /* Mocks */ = {
			isa = PBXGroup;
			children = (
				7A6EFF802B000AF600E5954F /* MockBookListRepository.swift */,
				7A6EFF862B000CB500E5954F /* MockBookDetailRepository.swift */,
			);
			path = Mocks;
			sourceTree = "<group>";
		};
/* End PBXGroup section */

/* Begin PBXNativeTarget section */
		7A6D659C2AFE376700D5BBEC /* CarrotSearchBook */ = {
			isa = PBXNativeTarget;
			buildConfigurationList = 7A6D65B12AFE376900D5BBEC /* Build configuration list for PBXNativeTarget "CarrotSearchBook" */;
			buildPhases = (
				7A6D65992AFE376700D5BBEC /* Sources */,
				7A6D659A2AFE376700D5BBEC /* Frameworks */,
				7A6D659B2AFE376700D5BBEC /* Resources */,
			);
			buildRules = (
			);
			dependencies = (
			);
			name = CarrotSearchBook;
			productName = CarrotSearchBook;
			productReference = 7A6D659D2AFE376700D5BBEC /* CarrotSearchBook.app */;
			productType = "com.apple.product-type.application";
		};
		7A6EFF732B0005C600E5954F /* CarrotSearchBookTests */ = {
			isa = PBXNativeTarget;
			buildConfigurationList = 7A6EFF7A2B0005C600E5954F /* Build configuration list for PBXNativeTarget "CarrotSearchBookTests" */;
			buildPhases = (
				7A6EFF702B0005C600E5954F /* Sources */,
				7A6EFF712B0005C600E5954F /* Frameworks */,
				7A6EFF722B0005C600E5954F /* Resources */,
			);
			buildRules = (
			);
			dependencies = (
				7A6EFF792B0005C600E5954F /* PBXTargetDependency */,
			);
			name = CarrotSearchBookTests;
			productName = CarrotSearchBookTests;
			productReference = 7A6EFF742B0005C600E5954F /* CarrotSearchBookTests.xctest */;
			productType = "com.apple.product-type.bundle.unit-test";
		};
/* End PBXNativeTarget section */

/* Begin PBXProject section */
		7A6D65952AFE376700D5BBEC /* Project object */ = {
			isa = PBXProject;
			attributes = {
				BuildIndependentTargetsInParallel = 1;
				LastSwiftUpdateCheck = 1500;
				LastUpgradeCheck = 1500;
				TargetAttributes = {
					7A6D659C2AFE376700D5BBEC = {
						CreatedOnToolsVersion = 15.0;
					};
					7A6EFF732B0005C600E5954F = {
						CreatedOnToolsVersion = 15.0;
						TestTargetID = 7A6D659C2AFE376700D5BBEC;
					};
				};
			};
			buildConfigurationList = 7A6D65982AFE376700D5BBEC /* Build configuration list for PBXProject "CarrotSearchBook" */;
			compatibilityVersion = "Xcode 14.0";
			developmentRegion = en;
			hasScannedForEncodings = 0;
			knownRegions = (
				en,
				Base,
			);
			mainGroup = 7A6D65942AFE376700D5BBEC;
			productRefGroup = 7A6D659E2AFE376700D5BBEC /* Products */;
			projectDirPath = "";
			projectRoot = "";
			targets = (
				7A6D659C2AFE376700D5BBEC /* CarrotSearchBook */,
				7A6EFF732B0005C600E5954F /* CarrotSearchBookTests */,
			);
		};
/* End PBXProject section */

/* Begin PBXResourcesBuildPhase section */
		7A6D659B2AFE376700D5BBEC /* Resources */ = {
			isa = PBXResourcesBuildPhase;
			buildActionMask = 2147483647;
			files = (
				7A6D65AD2AFE376900D5BBEC /* LaunchScreen.storyboard in Resources */,
				7A6D65AA2AFE376900D5BBEC /* Assets.xcassets in Resources */,
			);
			runOnlyForDeploymentPostprocessing = 0;
		};
		7A6EFF722B0005C600E5954F /* Resources */ = {
			isa = PBXResourcesBuildPhase;
			buildActionMask = 2147483647;
			files = (
			);
			runOnlyForDeploymentPostprocessing = 0;
		};
/* End PBXResourcesBuildPhase section */

/* Begin PBXSourcesBuildPhase section */
		7A6D65992AFE376700D5BBEC /* Sources */ = {
			isa = PBXSourcesBuildPhase;
			buildActionMask = 2147483647;
			files = (
				7A6D65BF2AFE3E6600D5BBEC /* BookDetailCoordinator.swift in Sources */,
				7A6D65BB2AFE3E0000D5BBEC /* AppCoordinator.swift in Sources */,
				7A6D65E82AFF4F1F00D5BBEC /* LoadingView.swift in Sources */,
				7A6D65C72AFE6A2500D5BBEC /* BookListViewController.swift in Sources */,
				7A6D65EA2AFF564100D5BBEC /* JSONDecoder+Ext.swift in Sources */,
				7A6D65EE2AFF6D9700D5BBEC /* Alertable.swift in Sources */,
				7A39EEA22AFF793A0083ECB9 /* BookDetailRepository.swift in Sources */,
				7A6D65E12AFEB11700D5BBEC /* BookDetailView.swift in Sources */,
				7A39EEA02AFF79300083ECB9 /* BookListRepository.swift in Sources */,
				7A6D65C22AFE3EDC00D5BBEC /* Module.swift in Sources */,
				7A6D65E62AFEC6BA00D5BBEC /* UIImageView+Ext.swift in Sources */,
				7A6D65DD2AFEB10400D5BBEC /* BookDetailViewModel.swift in Sources */,
				7A6D65B62AFE3D9200D5BBEC /* Coordinator.swift in Sources */,
				7A6D65BD2AFE3E4000D5BBEC /* BookListCoordinator.swift in Sources */,
				7A6EFF6F2AFFF90600E5954F /* BookDomain.swift in Sources */,
				7A6D65E32AFEB6B300D5BBEC /* BookDetail.swift in Sources */,
				7A6EFF6A2AFFF6DB00E5954F /* BookDetailDomain.swift in Sources */,
				7A6D65DB2AFEB0FA00D5BBEC /* BookDetailBuilder.swift in Sources */,
				7A6D65B82AFE3DAE00D5BBEC /* AppContainer.swift in Sources */,
				7A6D65CD2AFE6A4E00D5BBEC /* BookListView.swift in Sources */,
				7A6D65CB2AFE6A4600D5BBEC /* BookListViewModel.swift in Sources */,
				7A6D65A12AFE376700D5BBEC /* AppDelegate.swift in Sources */,
				7A6D65D22AFE809000D5BBEC /* BookTableViewCell.swift in Sources */,
				7A6D65DF2AFEB10D00D5BBEC /* BookDetailViewController.swift in Sources */,
				7A6D65C92AFE6A3800D5BBEC /* BookListBuilder.swift in Sources */,
				7A39EE9E2AFF75560083ECB9 /* NetworkManager.swift in Sources */,
				7A6D65D02AFE7AAA00D5BBEC /* Book.swift in Sources */,
				7A6D65A32AFE376700D5BBEC /* SceneDelegate.swift in Sources */,
			);
			runOnlyForDeploymentPostprocessing = 0;
		};
		7A6EFF702B0005C600E5954F /* Sources */ = {
			isa = PBXSourcesBuildPhase;
			buildActionMask = 2147483647;
			files = (
				7A6EFF7E2B00078E00E5954F /* BookListDataMock.swift in Sources */,
				7A6EFF772B0005C600E5954F /* BookListViewModelTests.swift in Sources */,
				7A6EFF852B000CA300E5954F /* BookDetailViewModelTests.swift in Sources */,
				7A6EFF812B000AF600E5954F /* MockBookListRepository.swift in Sources */,
			);
			runOnlyForDeploymentPostprocessing = 0;
		};
/* End PBXSourcesBuildPhase section */

/* Begin PBXTargetDependency section */
		7A6EFF792B0005C600E5954F /* PBXTargetDependency */ = {
			isa = PBXTargetDependency;
			target = 7A6D659C2AFE376700D5BBEC /* CarrotSearchBook */;
			targetProxy = 7A6EFF782B0005C600E5954F /* PBXContainerItemProxy */;
		};
/* End PBXTargetDependency section */

/* Begin PBXVariantGroup section */
		7A6D65AB2AFE376900D5BBEC /* LaunchScreen.storyboard */ = {
			isa = PBXVariantGroup;
			children = (
				7A6D65AC2AFE376900D5BBEC /* Base */,
			);
			name = LaunchScreen.storyboard;
			sourceTree = "<group>";
		};
/* End PBXVariantGroup section */

/* Begin XCBuildConfiguration section */
		7A6D65AF2AFE376900D5BBEC /* Debug */ = {
			isa = XCBuildConfiguration;
			buildSettings = {
				ALWAYS_SEARCH_USER_PATHS = NO;
				ASSETCATALOG_COMPILER_GENERATE_SWIFT_ASSET_SYMBOL_EXTENSIONS = YES;
				CLANG_ANALYZER_NONNULL = YES;
				CLANG_ANALYZER_NUMBER_OBJECT_CONVERSION = YES_AGGRESSIVE;
				CLANG_CXX_LANGUAGE_STANDARD = "gnu++20";
				CLANG_ENABLE_MODULES = YES;
				CLANG_ENABLE_OBJC_ARC = YES;
				CLANG_ENABLE_OBJC_WEAK = YES;
				CLANG_WARN_BLOCK_CAPTURE_AUTORELEASING = YES;
				CLANG_WARN_BOOL_CONVERSION = YES;
				CLANG_WARN_COMMA = YES;
				CLANG_WARN_CONSTANT_CONVERSION = YES;
				CLANG_WARN_DEPRECATED_OBJC_IMPLEMENTATIONS = YES;
				CLANG_WARN_DIRECT_OBJC_ISA_USAGE = YES_ERROR;
				CLANG_WARN_DOCUMENTATION_COMMENTS = YES;
				CLANG_WARN_EMPTY_BODY = YES;
				CLANG_WARN_ENUM_CONVERSION = YES;
				CLANG_WARN_INFINITE_RECURSION = YES;
				CLANG_WARN_INT_CONVERSION = YES;
				CLANG_WARN_NON_LITERAL_NULL_CONVERSION = YES;
				CLANG_WARN_OBJC_IMPLICIT_RETAIN_SELF = YES;
				CLANG_WARN_OBJC_LITERAL_CONVERSION = YES;
				CLANG_WARN_OBJC_ROOT_CLASS = YES_ERROR;
				CLANG_WARN_QUOTED_INCLUDE_IN_FRAMEWORK_HEADER = YES;
				CLANG_WARN_RANGE_LOOP_ANALYSIS = YES;
				CLANG_WARN_STRICT_PROTOTYPES = YES;
				CLANG_WARN_SUSPICIOUS_MOVE = YES;
				CLANG_WARN_UNGUARDED_AVAILABILITY = YES_AGGRESSIVE;
				CLANG_WARN_UNREACHABLE_CODE = YES;
				CLANG_WARN__DUPLICATE_METHOD_MATCH = YES;
				COPY_PHASE_STRIP = NO;
				DEBUG_INFORMATION_FORMAT = dwarf;
				ENABLE_STRICT_OBJC_MSGSEND = YES;
				ENABLE_TESTABILITY = YES;
				ENABLE_USER_SCRIPT_SANDBOXING = YES;
				GCC_C_LANGUAGE_STANDARD = gnu17;
				GCC_DYNAMIC_NO_PIC = NO;
				GCC_NO_COMMON_BLOCKS = YES;
				GCC_OPTIMIZATION_LEVEL = 0;
				GCC_PREPROCESSOR_DEFINITIONS = (
					"DEBUG=1",
					"$(inherited)",
				);
				GCC_WARN_64_TO_32_BIT_CONVERSION = YES;
				GCC_WARN_ABOUT_RETURN_TYPE = YES_ERROR;
				GCC_WARN_UNDECLARED_SELECTOR = YES;
				GCC_WARN_UNINITIALIZED_AUTOS = YES_AGGRESSIVE;
				GCC_WARN_UNUSED_FUNCTION = YES;
				GCC_WARN_UNUSED_VARIABLE = YES;
				IPHONEOS_DEPLOYMENT_TARGET = 17.0;
				LOCALIZATION_PREFERS_STRING_CATALOGS = YES;
				MTL_ENABLE_DEBUG_INFO = INCLUDE_SOURCE;
				MTL_FAST_MATH = YES;
				ONLY_ACTIVE_ARCH = YES;
				SDKROOT = iphoneos;
				SWIFT_ACTIVE_COMPILATION_CONDITIONS = "DEBUG $(inherited)";
				SWIFT_OPTIMIZATION_LEVEL = "-Onone";
			};
			name = Debug;
		};
		7A6D65B02AFE376900D5BBEC /* Release */ = {
			isa = XCBuildConfiguration;
			buildSettings = {
				ALWAYS_SEARCH_USER_PATHS = NO;
				ASSETCATALOG_COMPILER_GENERATE_SWIFT_ASSET_SYMBOL_EXTENSIONS = YES;
				CLANG_ANALYZER_NONNULL = YES;
				CLANG_ANALYZER_NUMBER_OBJECT_CONVERSION = YES_AGGRESSIVE;
				CLANG_CXX_LANGUAGE_STANDARD = "gnu++20";
				CLANG_ENABLE_MODULES = YES;
				CLANG_ENABLE_OBJC_ARC = YES;
				CLANG_ENABLE_OBJC_WEAK = YES;
				CLANG_WARN_BLOCK_CAPTURE_AUTORELEASING = YES;
				CLANG_WARN_BOOL_CONVERSION = YES;
				CLANG_WARN_COMMA = YES;
				CLANG_WARN_CONSTANT_CONVERSION = YES;
				CLANG_WARN_DEPRECATED_OBJC_IMPLEMENTATIONS = YES;
				CLANG_WARN_DIRECT_OBJC_ISA_USAGE = YES_ERROR;
				CLANG_WARN_DOCUMENTATION_COMMENTS = YES;
				CLANG_WARN_EMPTY_BODY = YES;
				CLANG_WARN_ENUM_CONVERSION = YES;
				CLANG_WARN_INFINITE_RECURSION = YES;
				CLANG_WARN_INT_CONVERSION = YES;
				CLANG_WARN_NON_LITERAL_NULL_CONVERSION = YES;
				CLANG_WARN_OBJC_IMPLICIT_RETAIN_SELF = YES;
				CLANG_WARN_OBJC_LITERAL_CONVERSION = YES;
				CLANG_WARN_OBJC_ROOT_CLASS = YES_ERROR;
				CLANG_WARN_QUOTED_INCLUDE_IN_FRAMEWORK_HEADER = YES;
				CLANG_WARN_RANGE_LOOP_ANALYSIS = YES;
				CLANG_WARN_STRICT_PROTOTYPES = YES;
				CLANG_WARN_SUSPICIOUS_MOVE = YES;
				CLANG_WARN_UNGUARDED_AVAILABILITY = YES_AGGRESSIVE;
				CLANG_WARN_UNREACHABLE_CODE = YES;
				CLANG_WARN__DUPLICATE_METHOD_MATCH = YES;
				COPY_PHASE_STRIP = NO;
				DEBUG_INFORMATION_FORMAT = "dwarf-with-dsym";
				ENABLE_NS_ASSERTIONS = NO;
				ENABLE_STRICT_OBJC_MSGSEND = YES;
				ENABLE_USER_SCRIPT_SANDBOXING = YES;
				GCC_C_LANGUAGE_STANDARD = gnu17;
				GCC_NO_COMMON_BLOCKS = YES;
				GCC_WARN_64_TO_32_BIT_CONVERSION = YES;
				GCC_WARN_ABOUT_RETURN_TYPE = YES_ERROR;
				GCC_WARN_UNDECLARED_SELECTOR = YES;
				GCC_WARN_UNINITIALIZED_AUTOS = YES_AGGRESSIVE;
				GCC_WARN_UNUSED_FUNCTION = YES;
				GCC_WARN_UNUSED_VARIABLE = YES;
				IPHONEOS_DEPLOYMENT_TARGET = 17.0;
				LOCALIZATION_PREFERS_STRING_CATALOGS = YES;
				MTL_ENABLE_DEBUG_INFO = NO;
				MTL_FAST_MATH = YES;
				SDKROOT = iphoneos;
				SWIFT_COMPILATION_MODE = wholemodule;
				VALIDATE_PRODUCT = YES;
			};
			name = Release;
		};
		7A6D65B22AFE376900D5BBEC /* Debug */ = {
			isa = XCBuildConfiguration;
			buildSettings = {
				ASSETCATALOG_COMPILER_APPICON_NAME = AppIcon;
				ASSETCATALOG_COMPILER_GLOBAL_ACCENT_COLOR_NAME = AccentColor;
				CODE_SIGN_STYLE = Automatic;
				CURRENT_PROJECT_VERSION = 1;
				DEVELOPMENT_TEAM = PHT5ZHW738;
				GENERATE_INFOPLIST_FILE = YES;
				INFOPLIST_FILE = CarrotSearchBook/Info.plist;
				INFOPLIST_KEY_UIApplicationSupportsIndirectInputEvents = YES;
				INFOPLIST_KEY_UILaunchStoryboardName = LaunchScreen;
				INFOPLIST_KEY_UISupportedInterfaceOrientations_iPad = "UIInterfaceOrientationPortrait UIInterfaceOrientationPortraitUpsideDown UIInterfaceOrientationLandscapeLeft UIInterfaceOrientationLandscapeRight";
				INFOPLIST_KEY_UISupportedInterfaceOrientations_iPhone = "UIInterfaceOrientationPortrait UIInterfaceOrientationLandscapeLeft UIInterfaceOrientationLandscapeRight";
				LD_RUNPATH_SEARCH_PATHS = (
					"$(inherited)",
					"@executable_path/Frameworks",
				);
				MARKETING_VERSION = 1.0;
				PRODUCT_BUNDLE_IDENTIFIER = umakim.CarrotSearchBook;
				PRODUCT_NAME = "$(TARGET_NAME)";
				SWIFT_EMIT_LOC_STRINGS = YES;
				SWIFT_VERSION = 5.0;
				TARGETED_DEVICE_FAMILY = "1,2";
			};
			name = Debug;
		};
		7A6D65B32AFE376900D5BBEC /* Release */ = {
			isa = XCBuildConfiguration;
			buildSettings = {
				ASSETCATALOG_COMPILER_APPICON_NAME = AppIcon;
				ASSETCATALOG_COMPILER_GLOBAL_ACCENT_COLOR_NAME = AccentColor;
				CODE_SIGN_STYLE = Automatic;
				CURRENT_PROJECT_VERSION = 1;
				DEVELOPMENT_TEAM = PHT5ZHW738;
				GENERATE_INFOPLIST_FILE = YES;
				INFOPLIST_FILE = CarrotSearchBook/Info.plist;
				INFOPLIST_KEY_UIApplicationSupportsIndirectInputEvents = YES;
				INFOPLIST_KEY_UILaunchStoryboardName = LaunchScreen;
				INFOPLIST_KEY_UISupportedInterfaceOrientations_iPad = "UIInterfaceOrientationPortrait UIInterfaceOrientationPortraitUpsideDown UIInterfaceOrientationLandscapeLeft UIInterfaceOrientationLandscapeRight";
				INFOPLIST_KEY_UISupportedInterfaceOrientations_iPhone = "UIInterfaceOrientationPortrait UIInterfaceOrientationLandscapeLeft UIInterfaceOrientationLandscapeRight";
				LD_RUNPATH_SEARCH_PATHS = (
					"$(inherited)",
					"@executable_path/Frameworks",
				);
				MARKETING_VERSION = 1.0;
				PRODUCT_BUNDLE_IDENTIFIER = umakim.CarrotSearchBook;
				PRODUCT_NAME = "$(TARGET_NAME)";
				SWIFT_EMIT_LOC_STRINGS = YES;
				SWIFT_VERSION = 5.0;
				TARGETED_DEVICE_FAMILY = "1,2";
			};
			name = Release;
		};
		7A6EFF7B2B0005C600E5954F /* Debug */ = {
			isa = XCBuildConfiguration;
			buildSettings = {
				BUNDLE_LOADER = "$(TEST_HOST)";
				CODE_SIGN_STYLE = Automatic;
				CURRENT_PROJECT_VERSION = 1;
				DEVELOPMENT_TEAM = PHT5ZHW738;
				GENERATE_INFOPLIST_FILE = YES;
				MARKETING_VERSION = 1.0;
				PRODUCT_BUNDLE_IDENTIFIER = umakim.CarrotSearchBookTests;
				PRODUCT_NAME = "$(TARGET_NAME)";
				SWIFT_EMIT_LOC_STRINGS = NO;
				SWIFT_VERSION = 5.0;
				TARGETED_DEVICE_FAMILY = "1,2";
				TEST_HOST = "$(BUILT_PRODUCTS_DIR)/CarrotSearchBook.app/$(BUNDLE_EXECUTABLE_FOLDER_PATH)/CarrotSearchBook";
			};
			name = Debug;
		};
		7A6EFF7C2B0005C600E5954F /* Release */ = {
			isa = XCBuildConfiguration;
			buildSettings = {
				BUNDLE_LOADER = "$(TEST_HOST)";
				CODE_SIGN_STYLE = Automatic;
				CURRENT_PROJECT_VERSION = 1;
				DEVELOPMENT_TEAM = PHT5ZHW738;
				GENERATE_INFOPLIST_FILE = YES;
				MARKETING_VERSION = 1.0;
				PRODUCT_BUNDLE_IDENTIFIER = umakim.CarrotSearchBookTests;
				PRODUCT_NAME = "$(TARGET_NAME)";
				SWIFT_EMIT_LOC_STRINGS = NO;
				SWIFT_VERSION = 5.0;
				TARGETED_DEVICE_FAMILY = "1,2";
				TEST_HOST = "$(BUILT_PRODUCTS_DIR)/CarrotSearchBook.app/$(BUNDLE_EXECUTABLE_FOLDER_PATH)/CarrotSearchBook";
			};
			name = Release;
		};
/* End XCBuildConfiguration section */

/* Begin XCConfigurationList section */
		7A6D65982AFE376700D5BBEC /* Build configuration list for PBXProject "CarrotSearchBook" */ = {
			isa = XCConfigurationList;
			buildConfigurations = (
				7A6D65AF2AFE376900D5BBEC /* Debug */,
				7A6D65B02AFE376900D5BBEC /* Release */,
			);
			defaultConfigurationIsVisible = 0;
			defaultConfigurationName = Release;
		};
		7A6D65B12AFE376900D5BBEC /* Build configuration list for PBXNativeTarget "CarrotSearchBook" */ = {
			isa = XCConfigurationList;
			buildConfigurations = (
				7A6D65B22AFE376900D5BBEC /* Debug */,
				7A6D65B32AFE376900D5BBEC /* Release */,
			);
			defaultConfigurationIsVisible = 0;
			defaultConfigurationName = Release;
		};
		7A6EFF7A2B0005C600E5954F /* Build configuration list for PBXNativeTarget "CarrotSearchBookTests" */ = {
			isa = XCConfigurationList;
			buildConfigurations = (
				7A6EFF7B2B0005C600E5954F /* Debug */,
				7A6EFF7C2B0005C600E5954F /* Release */,
			);
			defaultConfigurationIsVisible = 0;
			defaultConfigurationName = Release;
		};
/* End XCConfigurationList section */
	};
	rootObject = 7A6D65952AFE376700D5BBEC /* Project object */;
}
