// !$*UTF8*$!
{
	archiveVersion = 1;
	classes = {
	};
	objectVersion = 56;
	objects = {

/* Begin PBXBuildFile section */
		7A3A78202B21FB8600193BB0 /* PresentationLayer in Frameworks */ = {isa = PBXBuildFile; productRef = 7A3A781F2B21FB8600193BB0 /* PresentationLayer */; };
		7A3A78222B21FC1700193BB0 /* CarrotSearchBookApp in Resources */ = {isa = PBXBuildFile; fileRef = 7A3A78212B21FC1700193BB0 /* CarrotSearchBookApp */; };
		7A6D65A12AFE376700D5BBEC /* AppDelegate.swift in Sources */ = {isa = PBXBuildFile; fileRef = 7A6D65A02AFE376700D5BBEC /* AppDelegate.swift */; };
		7A6D65A32AFE376700D5BBEC /* SceneDelegate.swift in Sources */ = {isa = PBXBuildFile; fileRef = 7A6D65A22AFE376700D5BBEC /* SceneDelegate.swift */; };
		7A6D65AA2AFE376900D5BBEC /* Assets.xcassets in Resources */ = {isa = PBXBuildFile; fileRef = 7A6D65A92AFE376900D5BBEC /* Assets.xcassets */; };
		7A6D65AD2AFE376900D5BBEC /* LaunchScreen.storyboard in Resources */ = {isa = PBXBuildFile; fileRef = 7A6D65AB2AFE376900D5BBEC /* LaunchScreen.storyboard */; };
		7A6EFF772B0005C600E5954F /* BookListViewModelTests.swift in Sources */ = {isa = PBXBuildFile; fileRef = 7A6EFF762B0005C600E5954F /* BookListViewModelTests.swift */; };
		7A6EFF812B000AF600E5954F /* MockBookListRepository.swift in Sources */ = {isa = PBXBuildFile; fileRef = 7A6EFF802B000AF600E5954F /* MockBookListRepository.swift */; };
		7A6EFF852B000CA300E5954F /* BookDetailViewModelTests.swift in Sources */ = {isa = PBXBuildFile; fileRef = 7A6EFF842B000CA300E5954F /* BookDetailViewModelTests.swift */; };
		7A6EFF872B000CB500E5954F /* MockBookDetailRepository.swift in Sources */ = {isa = PBXBuildFile; fileRef = 7A6EFF862B000CB500E5954F /* MockBookDetailRepository.swift */; };
/* End PBXBuildFile section */

/* Begin PBXContainerItemProxy section */
		7A6EFF782B0005C600E5954F /* PBXContainerItemProxy */ = {
			isa = PBXContainerItemProxy;
			containerPortal = 7A6D65952AFE376700D5BBEC /* Project object */;
			proxyType = 1;
			remoteGlobalIDString = 7A6D659C2AFE376700D5BBEC;
			remoteInfo = CarrotSearchBook;
		};
/* End PBXContainerItemProxy section */

/* Begin PBXFileReference section */
		7A3A78212B21FC1700193BB0 /* CarrotSearchBookApp */ = {isa = PBXFileReference; lastKnownFileType = wrapper; path = CarrotSearchBookApp; sourceTree = "<group>"; };
		7A3A78232B21FD2600193BB0 /* Platform */ = {isa = PBXFileReference; lastKnownFileType = wrapper; path = Platform; sourceTree = "<group>"; };
		7A6D659D2AFE376700D5BBEC /* CarrotSearchBook.app */ = {isa = PBXFileReference; explicitFileType = wrapper.application; includeInIndex = 0; path = CarrotSearchBook.app; sourceTree = BUILT_PRODUCTS_DIR; };
		7A6D65A02AFE376700D5BBEC /* AppDelegate.swift */ = {isa = PBXFileReference; lastKnownFileType = sourcecode.swift; path = AppDelegate.swift; sourceTree = "<group>"; };
		7A6D65A22AFE376700D5BBEC /* SceneDelegate.swift */ = {isa = PBXFileReference; lastKnownFileType = sourcecode.swift; path = SceneDelegate.swift; sourceTree = "<group>"; };
		7A6D65A92AFE376900D5BBEC /* Assets.xcassets */ = {isa = PBXFileReference; lastKnownFileType = folder.assetcatalog; path = Assets.xcassets; sourceTree = "<group>"; };
		7A6D65AC2AFE376900D5BBEC /* Base */ = {isa = PBXFileReference; lastKnownFileType = file.storyboard; name = Base; path = Base.lproj/LaunchScreen.storyboard; sourceTree = "<group>"; };
		7A6D65AE2AFE376900D5BBEC /* Info.plist */ = {isa = PBXFileReference; lastKnownFileType = text.plist.xml; path = Info.plist; sourceTree = "<group>"; };
		7A6EFF742B0005C600E5954F /* CarrotSearchBookTests.xctest */ = {isa = PBXFileReference; explicitFileType = wrapper.cfbundle; includeInIndex = 0; path = CarrotSearchBookTests.xctest; sourceTree = BUILT_PRODUCTS_DIR; };
		7A6EFF762B0005C600E5954F /* BookListViewModelTests.swift */ = {isa = PBXFileReference; lastKnownFileType = sourcecode.swift; path = BookListViewModelTests.swift; sourceTree = "<group>"; };
		7A6EFF802B000AF600E5954F /* MockBookListRepository.swift */ = {isa = PBXFileReference; lastKnownFileType = sourcecode.swift; path = MockBookListRepository.swift; sourceTree = "<group>"; };
		7A6EFF842B000CA300E5954F /* BookDetailViewModelTests.swift */ = {isa = PBXFileReference; lastKnownFileType = sourcecode.swift; path = BookDetailViewModelTests.swift; sourceTree = "<group>"; };
		7A6EFF862B000CB500E5954F /* MockBookDetailRepository.swift */ = {isa = PBXFileReference; lastKnownFileType = sourcecode.swift; path = MockBookDetailRepository.swift; sourceTree = "<group>"; };
/* End PBXFileReference section */

/* Begin PBXFrameworksBuildPhase section */
		7A6D659A2AFE376700D5BBEC /* Frameworks */ = {
			isa = PBXFrameworksBuildPhase;
			buildActionMask = 2147483647;
			files = (
				7A3A78202B21FB8600193BB0 /* PresentationLayer in Frameworks */,
			);
			runOnlyForDeploymentPostprocessing = 0;
		};
		7A6EFF712B0005C600E5954F /* Frameworks */ = {
			isa = PBXFrameworksBuildPhase;
			buildActionMask = 2147483647;
			files = (
			);
			runOnlyForDeploymentPostprocessing = 0;
		};
/* End PBXFrameworksBuildPhase section */

/* Begin PBXGroup section */
		7A3A781A2B21F4D900193BB0 /* Frameworks */ = {
			isa = PBXGroup;
			children = (
			);
			name = Frameworks;
			sourceTree = "<group>";
		};
		7A6D65942AFE376700D5BBEC = {
			isa = PBXGroup;
			children = (
				7A3A78232B21FD2600193BB0 /* Platform */,
				7A3A78212B21FC1700193BB0 /* CarrotSearchBookApp */,
				7A6D659F2AFE376700D5BBEC /* CarrotSearchBook */,
				7A6EFF752B0005C600E5954F /* CarrotSearchBookTests */,
				7A6D659E2AFE376700D5BBEC /* Products */,
				7A3A781A2B21F4D900193BB0 /* Frameworks */,
			);
			sourceTree = "<group>";
		};
		7A6D659E2AFE376700D5BBEC /* Products */ = {
			isa = PBXGroup;
			children = (
				7A6D659D2AFE376700D5BBEC /* CarrotSearchBook.app */,
				7A6EFF742B0005C600E5954F /* CarrotSearchBookTests.xctest */,
			);
			name = Products;
			sourceTree = "<group>";
		};
		7A6D659F2AFE376700D5BBEC /* CarrotSearchBook */ = {
			isa = PBXGroup;
			children = (
				7A6D65A02AFE376700D5BBEC /* AppDelegate.swift */,
				7A6D65A22AFE376700D5BBEC /* SceneDelegate.swift */,
				7A6D65A92AFE376900D5BBEC /* Assets.xcassets */,
				7A6D65AB2AFE376900D5BBEC /* LaunchScreen.storyboard */,
				7A6D65AE2AFE376900D5BBEC /* Info.plist */,
			);
			path = CarrotSearchBook;
			sourceTree = "<group>";
		};
		7A6EFF752B0005C600E5954F /* CarrotSearchBookTests */ = {
			isa = PBXGroup;
			children = (
				7A6EFF762B0005C600E5954F /* BookListViewModelTests.swift */,
				7A6EFF842B000CA300E5954F /* BookDetailViewModelTests.swift */,
				7A6EFF7F2B000AF100E5954F /* Mocks */,
			);
			path = CarrotSearchBookTests;
			sourceTree = "<group>";
		};
		7A6EFF7F2B000AF100E5954F /* Mocks */ = {
			isa = PBXGroup;
			children = (
				7A6EFF802B000AF600E5954F /* MockBookListRepository.swift */,
				7A6EFF862B000CB500E5954F /* MockBookDetailRepository.swift */,
			);
			path = Mocks;
			sourceTree = "<group>";
		};
/* End PBXGroup section */

/* Begin PBXNativeTarget section */
		7A6D659C2AFE376700D5BBEC /* CarrotSearchBook */ = {
			isa = PBXNativeTarget;
			buildConfigurationList = 7A6D65B12AFE376900D5BBEC /* Build configuration list for PBXNativeTarget "CarrotSearchBook" */;
			buildPhases = (
				7A6D65992AFE376700D5BBEC /* Sources */,
				7A6D659A2AFE376700D5BBEC /* Frameworks */,
				7A6D659B2AFE376700D5BBEC /* Resources */,
			);
			buildRules = (
			);
			dependencies = (
			);
			name = CarrotSearchBook;
			packageProductDependencies = (
				7A3A781F2B21FB8600193BB0 /* PresentationLayer */,
			);
			productName = CarrotSearchBook;
			productReference = 7A6D659D2AFE376700D5BBEC /* CarrotSearchBook.app */;
			productType = "com.apple.product-type.application";
		};
		7A6EFF732B0005C600E5954F /* CarrotSearchBookTests */ = {
			isa = PBXNativeTarget;
			buildConfigurationList = 7A6EFF7A2B0005C600E5954F /* Build configuration list for PBXNativeTarget "CarrotSearchBookTests" */;
			buildPhases = (
				7A6EFF702B0005C600E5954F /* Sources */,
				7A6EFF712B0005C600E5954F /* Frameworks */,
				7A6EFF722B0005C600E5954F /* Resources */,
			);
			buildRules = (
			);
			dependencies = (
				7A6EFF792B0005C600E5954F /* PBXTargetDependency */,
			);
			name = CarrotSearchBookTests;
			productName = CarrotSearchBookTests;
			productReference = 7A6EFF742B0005C600E5954F /* CarrotSearchBookTests.xctest */;
			productType = "com.apple.product-type.bundle.unit-test";
		};
/* End PBXNativeTarget section */

/* Begin PBXProject section */
		7A6D65952AFE376700D5BBEC /* Project object */ = {
			isa = PBXProject;
			attributes = {
				BuildIndependentTargetsInParallel = 1;
				LastSwiftUpdateCheck = 1500;
				LastUpgradeCheck = 1500;
				TargetAttributes = {
					7A6D659C2AFE376700D5BBEC = {
						CreatedOnToolsVersion = 15.0;
					};
					7A6EFF732B0005C600E5954F = {
						CreatedOnToolsVersion = 15.0;
						TestTargetID = 7A6D659C2AFE376700D5BBEC;
					};
				};
			};
			buildConfigurationList = 7A6D65982AFE376700D5BBEC /* Build configuration list for PBXProject "CarrotSearchBook" */;
			compatibilityVersion = "Xcode 14.0";
			developmentRegion = en;
			hasScannedForEncodings = 0;
			knownRegions = (
				en,
				Base,
			);
			mainGroup = 7A6D65942AFE376700D5BBEC;
			packageReferences = (
			);
			productRefGroup = 7A6D659E2AFE376700D5BBEC /* Products */;
			projectDirPath = "";
			projectRoot = "";
			targets = (
				7A6D659C2AFE376700D5BBEC /* CarrotSearchBook */,
				7A6EFF732B0005C600E5954F /* CarrotSearchBookTests */,
			);
		};
/* End PBXProject section */

/* Begin PBXResourcesBuildPhase section */
		7A6D659B2AFE376700D5BBEC /* Resources */ = {
			isa = PBXResourcesBuildPhase;
			buildActionMask = 2147483647;
			files = (
				7A6D65AD2AFE376900D5BBEC /* LaunchScreen.storyboard in Resources */,
				7A6D65AA2AFE376900D5BBEC /* Assets.xcassets in Resources */,
				7A3A78222B21FC1700193BB0 /* CarrotSearchBookApp in Resources */,
			);
			runOnlyForDeploymentPostprocessing = 0;
		};
		7A6EFF722B0005C600E5954F /* Resources */ = {
			isa = PBXResourcesBuildPhase;
			buildActionMask = 2147483647;
			files = (
			);
			runOnlyForDeploymentPostprocessing = 0;
		};
/* End PBXResourcesBuildPhase section */

/* Begin PBXSourcesBuildPhase section */
		7A6D65992AFE376700D5BBEC /* Sources */ = {
			isa = PBXSourcesBuildPhase;
			buildActionMask = 2147483647;
			files = (
				7A6D65A12AFE376700D5BBEC /* AppDelegate.swift in Sources */,
				7A6D65A32AFE376700D5BBEC /* SceneDelegate.swift in Sources */,
			);
			runOnlyForDeploymentPostprocessing = 0;
		};
		7A6EFF702B0005C600E5954F /* Sources */ = {
			isa = PBXSourcesBuildPhase;
			buildActionMask = 2147483647;
			files = (
				7A6EFF772B0005C600E5954F /* BookListViewModelTests.swift in Sources */,
				7A6EFF852B000CA300E5954F /* BookDetailViewModelTests.swift in Sources */,
				7A6EFF812B000AF600E5954F /* MockBookListRepository.swift in Sources */,
				7A6EFF872B000CB500E5954F /* MockBookDetailRepository.swift in Sources */,
			);
			runOnlyForDeploymentPostprocessing = 0;
		};
/* End PBXSourcesBuildPhase section */

/* Begin PBXTargetDependency section */
		7A6EFF792B0005C600E5954F /* PBXTargetDependency */ = {
			isa = PBXTargetDependency;
			target = 7A6D659C2AFE376700D5BBEC /* CarrotSearchBook */;
			targetProxy = 7A6EFF782B0005C600E5954F /* PBXContainerItemProxy */;
		};
/* End PBXTargetDependency section */

/* Begin PBXVariantGroup section */
		7A6D65AB2AFE376900D5BBEC /* LaunchScreen.storyboard */ = {
			isa = PBXVariantGroup;
			children = (
				7A6D65AC2AFE376900D5BBEC /* Base */,
			);
			name = LaunchScreen.storyboard;
			sourceTree = "<group>";
		};
/* End PBXVariantGroup section */

/* Begin XCBuildConfiguration section */
		7A6D65AF2AFE376900D5BBEC /* Debug */ = {
			isa = XCBuildConfiguration;
			buildSettings = {
				ALWAYS_SEARCH_USER_PATHS = NO;
				ASSETCATALOG_COMPILER_GENERATE_SWIFT_ASSET_SYMBOL_EXTENSIONS = YES;
				CLANG_ANALYZER_NONNULL = YES;
				CLANG_ANALYZER_NUMBER_OBJECT_CONVERSION = YES_AGGRESSIVE;
				CLANG_CXX_LANGUAGE_STANDARD = "gnu++20";
				CLANG_ENABLE_MODULES = YES;
				CLANG_ENABLE_OBJC_ARC = YES;
				CLANG_ENABLE_OBJC_WEAK = YES;
				CLANG_WARN_BLOCK_CAPTURE_AUTORELEASING = YES;
				CLANG_WARN_BOOL_CONVERSION = YES;
				CLANG_WARN_COMMA = YES;
				CLANG_WARN_CONSTANT_CONVERSION = YES;
				CLANG_WARN_DEPRECATED_OBJC_IMPLEMENTATIONS = YES;
				CLANG_WARN_DIRECT_OBJC_ISA_USAGE = YES_ERROR;
				CLANG_WARN_DOCUMENTATION_COMMENTS = YES;
				CLANG_WARN_EMPTY_BODY = YES;
				CLANG_WARN_ENUM_CONVERSION = YES;
				CLANG_WARN_INFINITE_RECURSION = YES;
				CLANG_WARN_INT_CONVERSION = YES;
				CLANG_WARN_NON_LITERAL_NULL_CONVERSION = YES;
				CLANG_WARN_OBJC_IMPLICIT_RETAIN_SELF = YES;
				CLANG_WARN_OBJC_LITERAL_CONVERSION = YES;
				CLANG_WARN_OBJC_ROOT_CLASS = YES_ERROR;
				CLANG_WARN_QUOTED_INCLUDE_IN_FRAMEWORK_HEADER = YES;
				CLANG_WARN_RANGE_LOOP_ANALYSIS = YES;
				CLANG_WARN_STRICT_PROTOTYPES = YES;
				CLANG_WARN_SUSPICIOUS_MOVE = YES;
				CLANG_WARN_UNGUARDED_AVAILABILITY = YES_AGGRESSIVE;
				CLANG_WARN_UNREACHABLE_CODE = YES;
				CLANG_WARN__DUPLICATE_METHOD_MATCH = YES;
				COPY_PHASE_STRIP = NO;
				DEBUG_INFORMATION_FORMAT = dwarf;
				ENABLE_STRICT_OBJC_MSGSEND = YES;
				ENABLE_TESTABILITY = YES;
				ENABLE_USER_SCRIPT_SANDBOXING = YES;
				GCC_C_LANGUAGE_STANDARD = gnu17;
				GCC_DYNAMIC_NO_PIC = NO;
				GCC_NO_COMMON_BLOCKS = YES;
				GCC_OPTIMIZATION_LEVEL = 0;
				GCC_PREPROCESSOR_DEFINITIONS = (
					"DEBUG=1",
					"$(inherited)",
				);
				GCC_WARN_64_TO_32_BIT_CONVERSION = YES;
				GCC_WARN_ABOUT_RETURN_TYPE = YES_ERROR;
				GCC_WARN_UNDECLARED_SELECTOR = YES;
				GCC_WARN_UNINITIALIZED_AUTOS = YES_AGGRESSIVE;
				GCC_WARN_UNUSED_FUNCTION = YES;
				GCC_WARN_UNUSED_VARIABLE = YES;
				IPHONEOS_DEPLOYMENT_TARGET = 17.0;
				LOCALIZATION_PREFERS_STRING_CATALOGS = YES;
				MTL_ENABLE_DEBUG_INFO = INCLUDE_SOURCE;
				MTL_FAST_MATH = YES;
				ONLY_ACTIVE_ARCH = YES;
				SDKROOT = iphoneos;
				SWIFT_ACTIVE_COMPILATION_CONDITIONS = "DEBUG $(inherited)";
				SWIFT_OPTIMIZATION_LEVEL = "-Onone";
			};
			name = Debug;
		};
		7A6D65B02AFE376900D5BBEC /* Release */ = {
			isa = XCBuildConfiguration;
			buildSettings = {
				ALWAYS_SEARCH_USER_PATHS = NO;
				ASSETCATALOG_COMPILER_GENERATE_SWIFT_ASSET_SYMBOL_EXTENSIONS = YES;
				CLANG_ANALYZER_NONNULL = YES;
				CLANG_ANALYZER_NUMBER_OBJECT_CONVERSION = YES_AGGRESSIVE;
				CLANG_CXX_LANGUAGE_STANDARD = "gnu++20";
				CLANG_ENABLE_MODULES = YES;
				CLANG_ENABLE_OBJC_ARC = YES;
				CLANG_ENABLE_OBJC_WEAK = YES;
				CLANG_WARN_BLOCK_CAPTURE_AUTORELEASING = YES;
				CLANG_WARN_BOOL_CONVERSION = YES;
				CLANG_WARN_COMMA = YES;
				CLANG_WARN_CONSTANT_CONVERSION = YES;
				CLANG_WARN_DEPRECATED_OBJC_IMPLEMENTATIONS = YES;
				CLANG_WARN_DIRECT_OBJC_ISA_USAGE = YES_ERROR;
				CLANG_WARN_DOCUMENTATION_COMMENTS = YES;
				CLANG_WARN_EMPTY_BODY = YES;
				CLANG_WARN_ENUM_CONVERSION = YES;
				CLANG_WARN_INFINITE_RECURSION = YES;
				CLANG_WARN_INT_CONVERSION = YES;
				CLANG_WARN_NON_LITERAL_NULL_CONVERSION = YES;
				CLANG_WARN_OBJC_IMPLICIT_RETAIN_SELF = YES;
				CLANG_WARN_OBJC_LITERAL_CONVERSION = YES;
				CLANG_WARN_OBJC_ROOT_CLASS = YES_ERROR;
				CLANG_WARN_QUOTED_INCLUDE_IN_FRAMEWORK_HEADER = YES;
				CLANG_WARN_RANGE_LOOP_ANALYSIS = YES;
				CLANG_WARN_STRICT_PROTOTYPES = YES;
				CLANG_WARN_SUSPICIOUS_MOVE = YES;
				CLANG_WARN_UNGUARDED_AVAILABILITY = YES_AGGRESSIVE;
				CLANG_WARN_UNREACHABLE_CODE = YES;
				CLANG_WARN__DUPLICATE_METHOD_MATCH = YES;
				COPY_PHASE_STRIP = NO;
				DEBUG_INFORMATION_FORMAT = "dwarf-with-dsym";
				ENABLE_NS_ASSERTIONS = NO;
				ENABLE_STRICT_OBJC_MSGSEND = YES;
				ENABLE_USER_SCRIPT_SANDBOXING = YES;
				GCC_C_LANGUAGE_STANDARD = gnu17;
				GCC_NO_COMMON_BLOCKS = YES;
				GCC_WARN_64_TO_32_BIT_CONVERSION = YES;
				GCC_WARN_ABOUT_RETURN_TYPE = YES_ERROR;
				GCC_WARN_UNDECLARED_SELECTOR = YES;
				GCC_WARN_UNINITIALIZED_AUTOS = YES_AGGRESSIVE;
				GCC_WARN_UNUSED_FUNCTION = YES;
				GCC_WARN_UNUSED_VARIABLE = YES;
				IPHONEOS_DEPLOYMENT_TARGET = 17.0;
				LOCALIZATION_PREFERS_STRING_CATALOGS = YES;
				MTL_ENABLE_DEBUG_INFO = NO;
				MTL_FAST_MATH = YES;
				SDKROOT = iphoneos;
				SWIFT_COMPILATION_MODE = wholemodule;
				VALIDATE_PRODUCT = YES;
			};
			name = Release;
		};
		7A6D65B22AFE376900D5BBEC /* Debug */ = {
			isa = XCBuildConfiguration;
			buildSettings = {
				ASSETCATALOG_COMPILER_APPICON_NAME = AppIcon;
				ASSETCATALOG_COMPILER_GLOBAL_ACCENT_COLOR_NAME = AccentColor;
				CODE_SIGN_STYLE = Automatic;
				CURRENT_PROJECT_VERSION = 1;
				DEVELOPMENT_ASSET_PATHS = "";
				DEVELOPMENT_TEAM = PHT5ZHW738;
				GENERATE_INFOPLIST_FILE = YES;
				INFOPLIST_FILE = CarrotSearchBook/Info.plist;
				INFOPLIST_KEY_UIApplicationSupportsIndirectInputEvents = YES;
				INFOPLIST_KEY_UILaunchStoryboardName = LaunchScreen;
				INFOPLIST_KEY_UISupportedInterfaceOrientations_iPad = "UIInterfaceOrientationPortrait UIInterfaceOrientationPortraitUpsideDown UIInterfaceOrientationLandscapeLeft UIInterfaceOrientationLandscapeRight";
				INFOPLIST_KEY_UISupportedInterfaceOrientations_iPhone = "UIInterfaceOrientationPortrait UIInterfaceOrientationLandscapeLeft UIInterfaceOrientationLandscapeRight";
				LD_RUNPATH_SEARCH_PATHS = (
					"$(inherited)",
					"@executable_path/Frameworks",
				);
				MARKETING_VERSION = 1.0;
				PRODUCT_BUNDLE_IDENTIFIER = umakim.CarrotSearchBook;
				PRODUCT_NAME = "$(TARGET_NAME)";
				SWIFT_EMIT_LOC_STRINGS = YES;
				SWIFT_VERSION = 5.0;
				TARGETED_DEVICE_FAMILY = "1,2";
			};
			name = Debug;
		};
		7A6D65B32AFE376900D5BBEC /* Release */ = {
			isa = XCBuildConfiguration;
			buildSettings = {
				ASSETCATALOG_COMPILER_APPICON_NAME = AppIcon;
				ASSETCATALOG_COMPILER_GLOBAL_ACCENT_COLOR_NAME = AccentColor;
				CODE_SIGN_STYLE = Automatic;
				CURRENT_PROJECT_VERSION = 1;
				DEVELOPMENT_ASSET_PATHS = "";
				DEVELOPMENT_TEAM = PHT5ZHW738;
				GENERATE_INFOPLIST_FILE = YES;
				INFOPLIST_FILE = CarrotSearchBook/Info.plist;
				INFOPLIST_KEY_UIApplicationSupportsIndirectInputEvents = YES;
				INFOPLIST_KEY_UILaunchStoryboardName = LaunchScreen;
				INFOPLIST_KEY_UISupportedInterfaceOrientations_iPad = "UIInterfaceOrientationPortrait UIInterfaceOrientationPortraitUpsideDown UIInterfaceOrientationLandscapeLeft UIInterfaceOrientationLandscapeRight";
				INFOPLIST_KEY_UISupportedInterfaceOrientations_iPhone = "UIInterfaceOrientationPortrait UIInterfaceOrientationLandscapeLeft UIInterfaceOrientationLandscapeRight";
				LD_RUNPATH_SEARCH_PATHS = (
					"$(inherited)",
					"@executable_path/Frameworks",
				);
				MARKETING_VERSION = 1.0;
				PRODUCT_BUNDLE_IDENTIFIER = umakim.CarrotSearchBook;
				PRODUCT_NAME = "$(TARGET_NAME)";
				SWIFT_EMIT_LOC_STRINGS = YES;
				SWIFT_VERSION = 5.0;
				TARGETED_DEVICE_FAMILY = "1,2";
			};
			name = Release;
		};
		7A6EFF7B2B0005C600E5954F /* Debug */ = {
			isa = XCBuildConfiguration;
			buildSettings = {
				BUNDLE_LOADER = "$(TEST_HOST)";
				CODE_SIGN_STYLE = Automatic;
				CURRENT_PROJECT_VERSION = 1;
				DEVELOPMENT_TEAM = PHT5ZHW738;
				GENERATE_INFOPLIST_FILE = YES;
				MARKETING_VERSION = 1.0;
				PRODUCT_BUNDLE_IDENTIFIER = umakim.CarrotSearchBookTests;
				PRODUCT_NAME = "$(TARGET_NAME)";
				SWIFT_EMIT_LOC_STRINGS = NO;
				SWIFT_VERSION = 5.0;
				TARGETED_DEVICE_FAMILY = "1,2";
				TEST_HOST = "$(BUILT_PRODUCTS_DIR)/CarrotSearchBook.app/$(BUNDLE_EXECUTABLE_FOLDER_PATH)/CarrotSearchBook";
			};
			name = Debug;
		};
		7A6EFF7C2B0005C600E5954F /* Release */ = {
			isa = XCBuildConfiguration;
			buildSettings = {
				BUNDLE_LOADER = "$(TEST_HOST)";
				CODE_SIGN_STYLE = Automatic;
				CURRENT_PROJECT_VERSION = 1;
				DEVELOPMENT_TEAM = PHT5ZHW738;
				GENERATE_INFOPLIST_FILE = YES;
				MARKETING_VERSION = 1.0;
				PRODUCT_BUNDLE_IDENTIFIER = umakim.CarrotSearchBookTests;
				PRODUCT_NAME = "$(TARGET_NAME)";
				SWIFT_EMIT_LOC_STRINGS = NO;
				SWIFT_VERSION = 5.0;
				TARGETED_DEVICE_FAMILY = "1,2";
				TEST_HOST = "$(BUILT_PRODUCTS_DIR)/CarrotSearchBook.app/$(BUNDLE_EXECUTABLE_FOLDER_PATH)/CarrotSearchBook";
			};
			name = Release;
		};
/* End XCBuildConfiguration section */

/* Begin XCConfigurationList section */
		7A6D65982AFE376700D5BBEC /* Build configuration list for PBXProject "CarrotSearchBook" */ = {
			isa = XCConfigurationList;
			buildConfigurations = (
				7A6D65AF2AFE376900D5BBEC /* Debug */,
				7A6D65B02AFE376900D5BBEC /* Release */,
			);
			defaultConfigurationIsVisible = 0;
			defaultConfigurationName = Release;
		};
		7A6D65B12AFE376900D5BBEC /* Build configuration list for PBXNativeTarget "CarrotSearchBook" */ = {
			isa = XCConfigurationList;
			buildConfigurations = (
				7A6D65B22AFE376900D5BBEC /* Debug */,
				7A6D65B32AFE376900D5BBEC /* Release */,
			);
			defaultConfigurationIsVisible = 0;
			defaultConfigurationName = Release;
		};
		7A6EFF7A2B0005C600E5954F /* Build configuration list for PBXNativeTarget "CarrotSearchBookTests" */ = {
			isa = XCConfigurationList;
			buildConfigurations = (
				7A6EFF7B2B0005C600E5954F /* Debug */,
				7A6EFF7C2B0005C600E5954F /* Release */,
			);
			defaultConfigurationIsVisible = 0;
			defaultConfigurationName = Release;
		};
/* End XCConfigurationList section */

/* Begin XCSwiftPackageProductDependency section */
		7A3A781F2B21FB8600193BB0 /* PresentationLayer */ = {
			isa = XCSwiftPackageProductDependency;
			productName = PresentationLayer;
		};
/* End XCSwiftPackageProductDependency section */
	};
	rootObject = 7A6D65952AFE376700D5BBEC /* Project object */;
}
